
Microsoft Visual Studio Solution File, Format Version 12.00
# Visual Studio Version 17
VisualStudioVersion = 17.11.35327.3
MinimumVisualStudioVersion = 10.0.40219.1
Project("{8BC9CEB8-8B4A-11D0-8D11-00A0C91BC942}") = "main", "main\main.vcxproj", "{08848CFF-755C-4D77-8892-88A5F3B36033}"
EndProject
Global
	GlobalSection(SolutionConfigurationPlatforms) = preSolution
		Debug|x64 = Debug|x64
		Debug|x86 = Debug|x86
		Release|x64 = Release|x64
		Release|x86 = Release|x86
	EndGlobalSection
	GlobalSection(ProjectConfigurationPlatforms) = postSolution
		{08848CFF-755C-4D77-8892-88A5F3B36033}.Debug|x64.ActiveCfg = Debug|x64
		{08848CFF-755C-4D77-8892-88A5F3B36033}.Debug|x64.Build.0 = Debug|x64
		{08848CFF-755C-4D77-8892-88A5F3B36033}.Debug|x86.ActiveCfg = Debug|Win32
		{08848CFF-755C-4D77-8892-88A5F3B36033}.Debug|x86.Build.0 = Debug|Win32
		{08848CFF-755C-4D77-8892-88A5F3B36033}.Release|x64.ActiveCfg = Release|x64
		{08848CFF-755C-4D77-8892-88A5F3B36033}.Release|x64.Build.0 = Release|x64
		{08848CFF-755C-4D77-8892-88A5F3B36033}.Release|x86.ActiveCfg = Release|Win32
		{08848CFF-755C-4D77-8892-88A5F3B36033}.Release|x86.Build.0 = Release|Win32
	EndGlobalSection
	GlobalSection(SolutionProperties) = preSolution
		HideSolutionNode = FALSE
	EndGlobalSection
	GlobalSection(ExtensibilityGlobals) = postSolution
		SolutionGuid = {947BF049-0B18-4242-A347-51A71D3D806B}
	EndGlobalSection
EndGlobal
